// !$*UTF8*$!
{
	archiveVersion = 1;
	classes = {
	};
	objectVersion = 50;
	objects = {

/* Begin PBXBuildFile section */
		7427227D23CC5A7600BFD1F6 /* AppDelegate.swift in Sources */ = {isa = PBXBuildFile; fileRef = 7427227C23CC5A7600BFD1F6 /* AppDelegate.swift */; };
		7427227F23CC5A7600BFD1F6 /* SceneDelegate.swift in Sources */ = {isa = PBXBuildFile; fileRef = 7427227E23CC5A7600BFD1F6 /* SceneDelegate.swift */; };
		7427228123CC5A7600BFD1F6 /* ContentView.swift in Sources */ = {isa = PBXBuildFile; fileRef = 7427228023CC5A7600BFD1F6 /* ContentView.swift */; };
		7427228323CC5A7700BFD1F6 /* Assets.xcassets in Resources */ = {isa = PBXBuildFile; fileRef = 7427228223CC5A7700BFD1F6 /* Assets.xcassets */; };
		7427228623CC5A7700BFD1F6 /* Preview Assets.xcassets in Resources */ = {isa = PBXBuildFile; fileRef = 7427228523CC5A7700BFD1F6 /* Preview Assets.xcassets */; };
		7427228923CC5A7700BFD1F6 /* LaunchScreen.storyboard in Resources */ = {isa = PBXBuildFile; fileRef = 7427228723CC5A7700BFD1F6 /* LaunchScreen.storyboard */; };
/* End PBXBuildFile section */

/* Begin PBXFileReference section */
		7427227923CC5A7600BFD1F6 /* Multiple Requests by Combine.app */ = {isa = PBXFileReference; explicitFileType = wrapper.application; includeInIndex = 0; path = "Multiple Requests by Combine.app"; sourceTree = BUILT_PRODUCTS_DIR; };
		7427227C23CC5A7600BFD1F6 /* AppDelegate.swift */ = {isa = PBXFileReference; lastKnownFileType = sourcecode.swift; path = AppDelegate.swift; sourceTree = "<group>"; };
		7427227E23CC5A7600BFD1F6 /* SceneDelegate.swift */ = {isa = PBXFileReference; lastKnownFileType = sourcecode.swift; path = SceneDelegate.swift; sourceTree = "<group>"; };
		7427228023CC5A7600BFD1F6 /* ContentView.swift */ = {isa = PBXFileReference; lastKnownFileType = sourcecode.swift; path = ContentView.swift; sourceTree = "<group>"; };
		7427228223CC5A7700BFD1F6 /* Assets.xcassets */ = {isa = PBXFileReference; lastKnownFileType = folder.assetcatalog; path = Assets.xcassets; sourceTree = "<group>"; };
		7427228523CC5A7700BFD1F6 /* Preview Assets.xcassets */ = {isa = PBXFileReference; lastKnownFileType = folder.assetcatalog; path = "Preview Assets.xcassets"; sourceTree = "<group>"; };
		7427228823CC5A7700BFD1F6 /* Base */ = {isa = PBXFileReference; lastKnownFileType = file.storyboard; name = Base; path = Base.lproj/LaunchScreen.storyboard; sourceTree = "<group>"; };
		7427228A23CC5A7700BFD1F6 /* Info.plist */ = {isa = PBXFileReference; lastKnownFileType = text.plist.xml; path = Info.plist; sourceTree = "<group>"; };
/* End PBXFileReference section */

/* Begin PBXFrameworksBuildPhase section */
		7427227623CC5A7600BFD1F6 /* Frameworks */ = {
			isa = PBXFrameworksBuildPhase;
			buildActionMask = 2147483647;
			files = (
			);
			runOnlyForDeploymentPostprocessing = 0;
		};
/* End PBXFrameworksBuildPhase section */

/* Begin PBXGroup section */
		7427227023CC5A7600BFD1F6 = {
			isa = PBXGroup;
			children = (
				7427227B23CC5A7600BFD1F6 /* Multiple Requests by Combine */,
				7427227A23CC5A7600BFD1F6 /* Products */,
			);
			sourceTree = "<group>";
		};
		7427227A23CC5A7600BFD1F6 /* Products */ = {
			isa = PBXGroup;
			children = (
				7427227923CC5A7600BFD1F6 /* Multiple Requests by Combine.app */,
			);
			name = Products;
			sourceTree = "<group>";
		};
		7427227B23CC5A7600BFD1F6 /* Multiple Requests by Combine */ = {
			isa = PBXGroup;
			children = (
				7427227C23CC5A7600BFD1F6 /* AppDelegate.swift */,
				7427227E23CC5A7600BFD1F6 /* SceneDelegate.swift */,
				7427228023CC5A7600BFD1F6 /* ContentView.swift */,
				7427228223CC5A7700BFD1F6 /* Assets.xcassets */,
				7427228723CC5A7700BFD1F6 /* LaunchScreen.storyboard */,
				7427228A23CC5A7700BFD1F6 /* Info.plist */,
				7427228423CC5A7700BFD1F6 /* Preview Content */,
			);
			path = "Multiple Requests by Combine";
			sourceTree = "<group>";
		};
		7427228423CC5A7700BFD1F6 /* Preview Content */ = {
			isa = PBXGroup;
			children = (
				7427228523CC5A7700BFD1F6 /* Preview Assets.xcassets */,
			);
			path = "Preview Content";
			sourceTree = "<group>";
		};
/* End PBXGroup section */

/* Begin PBXNativeTarget section */
		7427227823CC5A7600BFD1F6 /* Multiple Requests by Combine */ = {
			isa = PBXNativeTarget;
			buildConfigurationList = 7427228D23CC5A7700BFD1F6 /* Build configuration list for PBXNativeTarget "Multiple Requests by Combine" */;
			buildPhases = (
				7427227523CC5A7600BFD1F6 /* Sources */,
				7427227623CC5A7600BFD1F6 /* Frameworks */,
				7427227723CC5A7600BFD1F6 /* Resources */,
			);
			buildRules = (
			);
			dependencies = (
			);
			name = "Multiple Requests by Combine";
			productName = "Multiple Requests by Combine";
			productReference = 7427227923CC5A7600BFD1F6 /* Multiple Requests by Combine.app */;
			productType = "com.apple.product-type.application";
		};
/* End PBXNativeTarget section */

/* Begin PBXProject section */
		7427227123CC5A7600BFD1F6 /* Project object */ = {
			isa = PBXProject;
			attributes = {
				LastSwiftUpdateCheck = 1130;
				LastUpgradeCheck = 1130;
				ORGANIZATIONNAME = "Dmitry Novosyolov";
				TargetAttributes = {
					7427227823CC5A7600BFD1F6 = {
						CreatedOnToolsVersion = 11.3;
					};
				};
			};
			buildConfigurationList = 7427227423CC5A7600BFD1F6 /* Build configuration list for PBXProject "Multiple Requests by Combine" */;
			compatibilityVersion = "Xcode 9.3";
			developmentRegion = en;
			hasScannedForEncodings = 0;
			knownRegions = (
				en,
				Base,
			);
			mainGroup = 7427227023CC5A7600BFD1F6;
			productRefGroup = 7427227A23CC5A7600BFD1F6 /* Products */;
			projectDirPath = "";
			projectRoot = "";
			targets = (
				7427227823CC5A7600BFD1F6 /* Multiple Requests by Combine */,
			);
		};
/* End PBXProject section */

/* Begin PBXResourcesBuildPhase section */
		7427227723CC5A7600BFD1F6 /* Resources */ = {
			isa = PBXResourcesBuildPhase;
			buildActionMask = 2147483647;
			files = (
				7427228923CC5A7700BFD1F6 /* LaunchScreen.storyboard in Resources */,
				7427228623CC5A7700BFD1F6 /* Preview Assets.xcassets in Resources */,
				7427228323CC5A7700BFD1F6 /* Assets.xcassets in Resources */,
			);
			runOnlyForDeploymentPostprocessing = 0;
		};
/* End PBXResourcesBuildPhase section */

/* Begin PBXSourcesBuildPhase section */
		7427227523CC5A7600BFD1F6 /* Sources */ = {
			isa = PBXSourcesBuildPhase;
			buildActionMask = 2147483647;
			files = (
				7427227D23CC5A7600BFD1F6 /* AppDelegate.swift in Sources */,
				7427227F23CC5A7600BFD1F6 /* SceneDelegate.swift in Sources */,
				7427228123CC5A7600BFD1F6 /* ContentView.swift in Sources */,
			);
			runOnlyForDeploymentPostprocessing = 0;
		};
/* End PBXSourcesBuildPhase section */

/* Begin PBXVariantGroup section */
		7427228723CC5A7700BFD1F6 /* LaunchScreen.storyboard */ = {
			isa = PBXVariantGroup;
			children = (
				7427228823CC5A7700BFD1F6 /* Base */,
			);
			name = LaunchScreen.storyboard;
			sourceTree = "<group>";
		};
/* End PBXVariantGroup section */

/* Begin XCBuildConfiguration section */
		7427228B23CC5A7700BFD1F6 /* Debug */ = {
			isa = XCBuildConfiguration;
			buildSettings = {
				ALWAYS_SEARCH_USER_PATHS = NO;
				CLANG_ANALYZER_NONNULL = YES;
				CLANG_ANALYZER_NUMBER_OBJECT_CONVERSION = YES_AGGRESSIVE;
				CLANG_CXX_LANGUAGE_STANDARD = "gnu++14";
				CLANG_CXX_LIBRARY = "libc++";
				CLANG_ENABLE_MODULES = YES;
				CLANG_ENABLE_OBJC_ARC = YES;
				CLANG_ENABLE_OBJC_WEAK = YES;
				CLANG_WARN_BLOCK_CAPTURE_AUTORELEASING = YES;
				CLANG_WARN_BOOL_CONVERSION = YES;
				CLANG_WARN_COMMA = YES;
				CLANG_WARN_CONSTANT_CONVERSION = YES;
				CLANG_WARN_DEPRECATED_OBJC_IMPLEMENTATIONS = YES;
				CLANG_WARN_DIRECT_OBJC_ISA_USAGE = YES_ERROR;
				CLANG_WARN_DOCUMENTATION_COMMENTS = YES;
				CLANG_WARN_EMPTY_BODY = YES;
				CLANG_WARN_ENUM_CONVERSION = YES;
				CLANG_WARN_INFINITE_RECURSION = YES;
				CLANG_WARN_INT_CONVERSION = YES;
				CLANG_WARN_NON_LITERAL_NULL_CONVERSION = YES;
				CLANG_WARN_OBJC_IMPLICIT_RETAIN_SELF = YES;
				CLANG_WARN_OBJC_LITERAL_CONVERSION = YES;
				CLANG_WARN_OBJC_ROOT_CLASS = YES_ERROR;
				CLANG_WARN_RANGE_LOOP_ANALYSIS = YES;
				CLANG_WARN_STRICT_PROTOTYPES = YES;
				CLANG_WARN_SUSPICIOUS_MOVE = YES;
				CLANG_WARN_UNGUARDED_AVAILABILITY = YES_AGGRESSIVE;
				CLANG_WARN_UNREACHABLE_CODE = YES;
				CLANG_WARN__DUPLICATE_METHOD_MATCH = YES;
				COPY_PHASE_STRIP = NO;
				DEBUG_INFORMATION_FORMAT = dwarf;
				ENABLE_STRICT_OBJC_MSGSEND = YES;
				ENABLE_TESTABILITY = YES;
				GCC_C_LANGUAGE_STANDARD = gnu11;
				GCC_DYNAMIC_NO_PIC = NO;
				GCC_NO_COMMON_BLOCKS = YES;
				GCC_OPTIMIZATION_LEVEL = 0;
				GCC_PREPROCESSOR_DEFINITIONS = (
					"DEBUG=1",
					"$(inherited)",
				);
				GCC_WARN_64_TO_32_BIT_CONVERSION = YES;
				GCC_WARN_ABOUT_RETURN_TYPE = YES_ERROR;
				GCC_WARN_UNDECLARED_SELECTOR = YES;
				GCC_WARN_UNINITIALIZED_AUTOS = YES_AGGRESSIVE;
				GCC_WARN_UNUSED_FUNCTION = YES;
				GCC_WARN_UNUSED_VARIABLE = YES;
				IPHONEOS_DEPLOYMENT_TARGET = 13.2;
				MTL_ENABLE_DEBUG_INFO = INCLUDE_SOURCE;
				MTL_FAST_MATH = YES;
				ONLY_ACTIVE_ARCH = YES;
				SDKROOT = iphoneos;
				SWIFT_ACTIVE_COMPILATION_CONDITIONS = DEBUG;
				SWIFT_OPTIMIZATION_LEVEL = "-Onone";
			};
			name = Debug;
		};
		7427228C23CC5A7700BFD1F6 /* Release */ = {
			isa = XCBuildConfiguration;
			buildSettings = {
				ALWAYS_SEARCH_USER_PATHS = NO;
				CLANG_ANALYZER_NONNULL = YES;
				CLANG_ANALYZER_NUMBER_OBJECT_CONVERSION = YES_AGGRESSIVE;
				CLANG_CXX_LANGUAGE_STANDARD = "gnu++14";
				CLANG_CXX_LIBRARY = "libc++";
				CLANG_ENABLE_MODULES = YES;
				CLANG_ENABLE_OBJC_ARC = YES;
				CLANG_ENABLE_OBJC_WEAK = YES;
				CLANG_WARN_BLOCK_CAPTURE_AUTORELEASING = YES;
				CLANG_WARN_BOOL_CONVERSION = YES;
				CLANG_WARN_COMMA = YES;
				CLANG_WARN_CONSTANT_CONVERSION = YES;
				CLANG_WARN_DEPRECATED_OBJC_IMPLEMENTATIONS = YES;
				CLANG_WARN_DIRECT_OBJC_ISA_USAGE = YES_ERROR;
				CLANG_WARN_DOCUMENTATION_COMMENTS = YES;
				CLANG_WARN_EMPTY_BODY = YES;
				CLANG_WARN_ENUM_CONVERSION = YES;
				CLANG_WARN_INFINITE_RECURSION = YES;
				CLANG_WARN_INT_CONVERSION = YES;
				CLANG_WARN_NON_LITERAL_NULL_CONVERSION = YES;
				CLANG_WARN_OBJC_IMPLICIT_RETAIN_SELF = YES;
				CLANG_WARN_OBJC_LITERAL_CONVERSION = YES;
				CLANG_WARN_OBJC_ROOT_CLASS = YES_ERROR;
				CLANG_WARN_RANGE_LOOP_ANALYSIS = YES;
				CLANG_WARN_STRICT_PROTOTYPES = YES;
				CLANG_WARN_SUSPICIOUS_MOVE = YES;
				CLANG_WARN_UNGUARDED_AVAILABILITY = YES_AGGRESSIVE;
				CLANG_WARN_UNREACHABLE_CODE = YES;
				CLANG_WARN__DUPLICATE_METHOD_MATCH = YES;
				COPY_PHASE_STRIP = NO;
				DEBUG_INFORMATION_FORMAT = "dwarf-with-dsym";
				ENABLE_NS_ASSERTIONS = NO;
				ENABLE_STRICT_OBJC_MSGSEND = YES;
				GCC_C_LANGUAGE_STANDARD = gnu11;
				GCC_NO_COMMON_BLOCKS = YES;
				GCC_WARN_64_TO_32_BIT_CONVERSION = YES;
				GCC_WARN_ABOUT_RETURN_TYPE = YES_ERROR;
				GCC_WARN_UNDECLARED_SELECTOR = YES;
				GCC_WARN_UNINITIALIZED_AUTOS = YES_AGGRESSIVE;
				GCC_WARN_UNUSED_FUNCTION = YES;
				GCC_WARN_UNUSED_VARIABLE = YES;
				IPHONEOS_DEPLOYMENT_TARGET = 13.2;
				MTL_ENABLE_DEBUG_INFO = NO;
				MTL_FAST_MATH = YES;
				SDKROOT = iphoneos;
				SWIFT_COMPILATION_MODE = wholemodule;
				SWIFT_OPTIMIZATION_LEVEL = "-O";
				VALIDATE_PRODUCT = YES;
			};
			name = Release;
		};
		7427228E23CC5A7700BFD1F6 /* Debug */ = {
			isa = XCBuildConfiguration;
			buildSettings = {
				ASSETCATALOG_COMPILER_APPICON_NAME = AppIcon;
				CODE_SIGN_STYLE = Automatic;
				DEVELOPMENT_ASSET_PATHS = "\"Multiple Requests by Combine/Preview Content\"";
				DEVELOPMENT_TEAM = 3LF677RTA3;
				ENABLE_PREVIEWS = YES;
				INFOPLIST_FILE = "Multiple Requests by Combine/Info.plist";
				LD_RUNPATH_SEARCH_PATHS = (
					"$(inherited)",
					"@executable_path/Frameworks",
				);
				PRODUCT_BUNDLE_IDENTIFIER = "Dmitry-Novosyolov.Multiple-Requests-by-Combine";
				PRODUCT_NAME = "$(TARGET_NAME)";
				SWIFT_VERSION = 5.0;
				TARGETED_DEVICE_FAMILY = "1,2";
			};
			name = Debug;
		};
		7427228F23CC5A7700BFD1F6 /* Release */ = {
			isa = XCBuildConfiguration;
			buildSettings = {
				ASSETCATALOG_COMPILER_APPICON_NAME = AppIcon;
				CODE_SIGN_STYLE = Automatic;
				DEVELOPMENT_ASSET_PATHS = "\"Multiple Requests by Combine/Preview Content\"";
				DEVELOPMENT_TEAM = 3LF677RTA3;
				ENABLE_PREVIEWS = YES;
				INFOPLIST_FILE = "Multiple Requests by Combine/Info.plist";
				LD_RUNPATH_SEARCH_PATHS = (
					"$(inherited)",
					"@executable_path/Frameworks",
				);
				PRODUCT_BUNDLE_IDENTIFIER = "Dmitry-Novosyolov.Multiple-Requests-by-Combine";
				PRODUCT_NAME = "$(TARGET_NAME)";
				SWIFT_VERSION = 5.0;
				TARGETED_DEVICE_FAMILY = "1,2";
			};
			name = Release;
		};
/* End XCBuildConfiguration section */

/* Begin XCConfigurationList section */
		7427227423CC5A7600BFD1F6 /* Build configuration list for PBXProject "Multiple Requests by Combine" */ = {
			isa = XCConfigurationList;
			buildConfigurations = (
				7427228B23CC5A7700BFD1F6 /* Debug */,
				7427228C23CC5A7700BFD1F6 /* Release */,
			);
			defaultConfigurationIsVisible = 0;
			defaultConfigurationName = Release;
		};
		7427228D23CC5A7700BFD1F6 /* Build configuration list for PBXNativeTarget "Multiple Requests by Combine" */ = {
			isa = XCConfigurationList;
			buildConfigurations = (
				7427228E23CC5A7700BFD1F6 /* Debug */,
				7427228F23CC5A7700BFD1F6 /* Release */,
			);
			defaultConfigurationIsVisible = 0;
			defaultConfigurationName = Release;
		};
/* End XCConfigurationList section */
	};
	rootObject = 7427227123CC5A7600BFD1F6 /* Project object */;
}
